// !$*UTF8*$!
{
	archiveVersion = 1;
	classes = {
	};
	objectVersion = 55;
	objects = {

/* Begin PBXBuildFile section */
		80D30E65273B96AC00B5D499 /* AppDelegate.swift in Sources */ = {isa = PBXBuildFile; fileRef = 80D30E64273B96AC00B5D499 /* AppDelegate.swift */; };
		80D30E67273B96AC00B5D499 /* SceneDelegate.swift in Sources */ = {isa = PBXBuildFile; fileRef = 80D30E66273B96AC00B5D499 /* SceneDelegate.swift */; };
		80D30E6C273B96AC00B5D499 /* Main.storyboard in Resources */ = {isa = PBXBuildFile; fileRef = 80D30E6A273B96AC00B5D499 /* Main.storyboard */; };
		80D30E6F273B96AC00B5D499 /* ToDoListFinal.xcdatamodeld in Sources */ = {isa = PBXBuildFile; fileRef = 80D30E6D273B96AC00B5D499 /* ToDoListFinal.xcdatamodeld */; };
		80D30E71273B96AD00B5D499 /* Assets.xcassets in Resources */ = {isa = PBXBuildFile; fileRef = 80D30E70273B96AD00B5D499 /* Assets.xcassets */; };
		80D30E74273B96AD00B5D499 /* LaunchScreen.storyboard in Resources */ = {isa = PBXBuildFile; fileRef = 80D30E72273B96AD00B5D499 /* LaunchScreen.storyboard */; };
		80D30E7D273B96E200B5D499 /* Records+CoreDataClass.swift in Sources */ = {isa = PBXBuildFile; fileRef = 80D30E7B273B96E200B5D499 /* Records+CoreDataClass.swift */; };
		80D30E7E273B96E200B5D499 /* Records+CoreDataProperties.swift in Sources */ = {isa = PBXBuildFile; fileRef = 80D30E7C273B96E200B5D499 /* Records+CoreDataProperties.swift */; };
		80D30E80273B972900B5D499 /* CalendarViewController.swift in Sources */ = {isa = PBXBuildFile; fileRef = 80D30E7F273B972900B5D499 /* CalendarViewController.swift */; };
		80D30E82273B973100B5D499 /* AddTasksViewController.swift in Sources */ = {isa = PBXBuildFile; fileRef = 80D30E81273B973100B5D499 /* AddTasksViewController.swift */; };
		80D30E88273B974000B5D499 /* HelperMethods.swift in Sources */ = {isa = PBXBuildFile; fileRef = 80D30E84273B974000B5D499 /* HelperMethods.swift */; };
		80D30E89273B974000B5D499 /* RecordsTableViewCell.swift in Sources */ = {isa = PBXBuildFile; fileRef = 80D30E86273B974000B5D499 /* RecordsTableViewCell.swift */; };
		80D30E8A273B974000B5D499 /* RecordsTableViewCell.xib in Resources */ = {isa = PBXBuildFile; fileRef = 80D30E87273B974000B5D499 /* RecordsTableViewCell.xib */; };
		80D30E8C273BB3E200B5D499 /* Date+Extension.swift in Sources */ = {isa = PBXBuildFile; fileRef = 80D30E8B273BB3E200B5D499 /* Date+Extension.swift */; };
		BFC4BD165BB66B613224BD0E /* Pods_ToDoListFinal.framework in Frameworks */ = {isa = PBXBuildFile; fileRef = 8C77834D88D80FDBCF617EC8 /* Pods_ToDoListFinal.framework */; };
/* End PBXBuildFile section */

/* Begin PBXFileReference section */
		0BE7BAAB174B043647763545 /* Pods-ToDoListFinal.release.xcconfig */ = {isa = PBXFileReference; includeInIndex = 1; lastKnownFileType = text.xcconfig; name = "Pods-ToDoListFinal.release.xcconfig"; path = "Target Support Files/Pods-ToDoListFinal/Pods-ToDoListFinal.release.xcconfig"; sourceTree = "<group>"; };
		80D30E61273B96AC00B5D499 /* ToDoListFinal.app */ = {isa = PBXFileReference; explicitFileType = wrapper.application; includeInIndex = 0; path = ToDoListFinal.app; sourceTree = BUILT_PRODUCTS_DIR; };
		80D30E64273B96AC00B5D499 /* AppDelegate.swift */ = {isa = PBXFileReference; lastKnownFileType = sourcecode.swift; path = AppDelegate.swift; sourceTree = "<group>"; };
		80D30E66273B96AC00B5D499 /* SceneDelegate.swift */ = {isa = PBXFileReference; lastKnownFileType = sourcecode.swift; path = SceneDelegate.swift; sourceTree = "<group>"; };
		80D30E6B273B96AC00B5D499 /* Base */ = {isa = PBXFileReference; lastKnownFileType = file.storyboard; name = Base; path = Base.lproj/Main.storyboard; sourceTree = "<group>"; };
		80D30E6E273B96AC00B5D499 /* ToDoListFinal.xcdatamodel */ = {isa = PBXFileReference; lastKnownFileType = wrapper.xcdatamodel; path = ToDoListFinal.xcdatamodel; sourceTree = "<group>"; };
		80D30E70273B96AD00B5D499 /* Assets.xcassets */ = {isa = PBXFileReference; lastKnownFileType = folder.assetcatalog; path = Assets.xcassets; sourceTree = "<group>"; };
		80D30E73273B96AD00B5D499 /* Base */ = {isa = PBXFileReference; lastKnownFileType = file.storyboard; name = Base; path = Base.lproj/LaunchScreen.storyboard; sourceTree = "<group>"; };
		80D30E75273B96AD00B5D499 /* Info.plist */ = {isa = PBXFileReference; lastKnownFileType = text.plist.xml; path = Info.plist; sourceTree = "<group>"; };
		80D30E7B273B96E200B5D499 /* Records+CoreDataClass.swift */ = {isa = PBXFileReference; lastKnownFileType = sourcecode.swift; path = "Records+CoreDataClass.swift"; sourceTree = "<group>"; };
		80D30E7C273B96E200B5D499 /* Records+CoreDataProperties.swift */ = {isa = PBXFileReference; lastKnownFileType = sourcecode.swift; path = "Records+CoreDataProperties.swift"; sourceTree = "<group>"; };
		80D30E7F273B972900B5D499 /* CalendarViewController.swift */ = {isa = PBXFileReference; fileEncoding = 4; lastKnownFileType = sourcecode.swift; path = CalendarViewController.swift; sourceTree = "<group>"; };
		80D30E81273B973100B5D499 /* AddTasksViewController.swift */ = {isa = PBXFileReference; fileEncoding = 4; lastKnownFileType = sourcecode.swift; path = AddTasksViewController.swift; sourceTree = "<group>"; };
		80D30E84273B974000B5D499 /* HelperMethods.swift */ = {isa = PBXFileReference; fileEncoding = 4; lastKnownFileType = sourcecode.swift; path = HelperMethods.swift; sourceTree = "<group>"; };
		80D30E86273B974000B5D499 /* RecordsTableViewCell.swift */ = {isa = PBXFileReference; fileEncoding = 4; lastKnownFileType = sourcecode.swift; path = RecordsTableViewCell.swift; sourceTree = "<group>"; };
		80D30E87273B974000B5D499 /* RecordsTableViewCell.xib */ = {isa = PBXFileReference; fileEncoding = 4; lastKnownFileType = file.xib; path = RecordsTableViewCell.xib; sourceTree = "<group>"; };
		80D30E8B273BB3E200B5D499 /* Date+Extension.swift */ = {isa = PBXFileReference; lastKnownFileType = sourcecode.swift; path = "Date+Extension.swift"; sourceTree = "<group>"; };
		81807D609F9337F05948E961 /* Pods-ToDoListFinal.debug.xcconfig */ = {isa = PBXFileReference; includeInIndex = 1; lastKnownFileType = text.xcconfig; name = "Pods-ToDoListFinal.debug.xcconfig"; path = "Target Support Files/Pods-ToDoListFinal/Pods-ToDoListFinal.debug.xcconfig"; sourceTree = "<group>"; };
		8C77834D88D80FDBCF617EC8 /* Pods_ToDoListFinal.framework */ = {isa = PBXFileReference; explicitFileType = wrapper.framework; includeInIndex = 0; path = Pods_ToDoListFinal.framework; sourceTree = BUILT_PRODUCTS_DIR; };
/* End PBXFileReference section */

/* Begin PBXFrameworksBuildPhase section */
		80D30E5E273B96AC00B5D499 /* Frameworks */ = {
			isa = PBXFrameworksBuildPhase;
			buildActionMask = 2147483647;
			files = (
				BFC4BD165BB66B613224BD0E /* Pods_ToDoListFinal.framework in Frameworks */,
			);
			runOnlyForDeploymentPostprocessing = 0;
		};
/* End PBXFrameworksBuildPhase section */

/* Begin PBXGroup section */
		80D30E58273B96AC00B5D499 = {
			isa = PBXGroup;
			children = (
				80D30E7B273B96E200B5D499 /* Records+CoreDataClass.swift */,
				80D30E7C273B96E200B5D499 /* Records+CoreDataProperties.swift */,
				80D30E63273B96AC00B5D499 /* ToDoListFinal */,
				80D30E62273B96AC00B5D499 /* Products */,
				E374F61E77D407BA5A571FD2 /* Pods */,
				FF85E446D220103758454ABC /* Frameworks */,
			);
			sourceTree = "<group>";
		};
		80D30E62273B96AC00B5D499 /* Products */ = {
			isa = PBXGroup;
			children = (
				80D30E61273B96AC00B5D499 /* ToDoListFinal.app */,
			);
			name = Products;
			sourceTree = "<group>";
		};
		80D30E63273B96AC00B5D499 /* ToDoListFinal */ = {
			isa = PBXGroup;
			children = (
				80D30E8D273BC0E900B5D499 /* ViewControllers */,
				80D30E83273B974000B5D499 /* Helper */,
				80D30E85273B974000B5D499 /* TableViewCell */,
				80D30E64273B96AC00B5D499 /* AppDelegate.swift */,
				80D30E66273B96AC00B5D499 /* SceneDelegate.swift */,
				80D30E6A273B96AC00B5D499 /* Main.storyboard */,
				80D30E70273B96AD00B5D499 /* Assets.xcassets */,
				80D30E72273B96AD00B5D499 /* LaunchScreen.storyboard */,
				80D30E75273B96AD00B5D499 /* Info.plist */,
				80D30E6D273B96AC00B5D499 /* ToDoListFinal.xcdatamodeld */,
			);
			path = ToDoListFinal;
			sourceTree = "<group>";
		};
		80D30E83273B974000B5D499 /* Helper */ = {
			isa = PBXGroup;
			children = (
				80D30E84273B974000B5D499 /* HelperMethods.swift */,
				80D30E8B273BB3E200B5D499 /* Date+Extension.swift */,
			);
			path = Helper;
			sourceTree = "<group>";
		};
		80D30E85273B974000B5D499 /* TableViewCell */ = {
			isa = PBXGroup;
			children = (
				80D30E86273B974000B5D499 /* RecordsTableViewCell.swift */,
				80D30E87273B974000B5D499 /* RecordsTableViewCell.xib */,
			);
			path = TableViewCell;
			sourceTree = "<group>";
		};
		80D30E8D273BC0E900B5D499 /* ViewControllers */ = {
			isa = PBXGroup;
			children = (
				80D30E81273B973100B5D499 /* AddTasksViewController.swift */,
				80D30E7F273B972900B5D499 /* CalendarViewController.swift */,
			);
			path = ViewControllers;
			sourceTree = "<group>";
		};
		E374F61E77D407BA5A571FD2 /* Pods */ = {
			isa = PBXGroup;
			children = (
				81807D609F9337F05948E961 /* Pods-ToDoListFinal.debug.xcconfig */,
				0BE7BAAB174B043647763545 /* Pods-ToDoListFinal.release.xcconfig */,
			);
			path = Pods;
			sourceTree = "<group>";
		};
		FF85E446D220103758454ABC /* Frameworks */ = {
			isa = PBXGroup;
			children = (
				8C77834D88D80FDBCF617EC8 /* Pods_ToDoListFinal.framework */,
			);
			name = Frameworks;
			sourceTree = "<group>";
		};
/* End PBXGroup section */

/* Begin PBXNativeTarget section */
		80D30E60273B96AC00B5D499 /* ToDoListFinal */ = {
			isa = PBXNativeTarget;
			buildConfigurationList = 80D30E78273B96AD00B5D499 /* Build configuration list for PBXNativeTarget "ToDoListFinal" */;
			buildPhases = (
				7652A554AFEDB77012881566 /* [CP] Check Pods Manifest.lock */,
				80D30E5D273B96AC00B5D499 /* Sources */,
				80D30E5E273B96AC00B5D499 /* Frameworks */,
				80D30E5F273B96AC00B5D499 /* Resources */,
				FEC4BED99BD1303F487676E5 /* [CP] Embed Pods Frameworks */,
			);
			buildRules = (
			);
			dependencies = (
			);
			name = ToDoListFinal;
			productName = ToDoListFinal;
			productReference = 80D30E61273B96AC00B5D499 /* ToDoListFinal.app */;
			productType = "com.apple.product-type.application";
		};
/* End PBXNativeTarget section */

/* Begin PBXProject section */
		80D30E59273B96AC00B5D499 /* Project object */ = {
			isa = PBXProject;
			attributes = {
				BuildIndependentTargetsInParallel = 1;
				LastSwiftUpdateCheck = 1300;
				LastUpgradeCheck = 1300;
				TargetAttributes = {
					80D30E60273B96AC00B5D499 = {
						CreatedOnToolsVersion = 13.0;
					};
				};
			};
			buildConfigurationList = 80D30E5C273B96AC00B5D499 /* Build configuration list for PBXProject "ToDoListFinal" */;
			compatibilityVersion = "Xcode 13.0";
			developmentRegion = en;
			hasScannedForEncodings = 0;
			knownRegions = (
				en,
				Base,
			);
			mainGroup = 80D30E58273B96AC00B5D499;
			productRefGroup = 80D30E62273B96AC00B5D499 /* Products */;
			projectDirPath = "";
			projectRoot = "";
			targets = (
				80D30E60273B96AC00B5D499 /* ToDoListFinal */,
			);
		};
/* End PBXProject section */

/* Begin PBXResourcesBuildPhase section */
		80D30E5F273B96AC00B5D499 /* Resources */ = {
			isa = PBXResourcesBuildPhase;
			buildActionMask = 2147483647;
			files = (
				80D30E74273B96AD00B5D499 /* LaunchScreen.storyboard in Resources */,
				80D30E71273B96AD00B5D499 /* Assets.xcassets in Resources */,
				80D30E8A273B974000B5D499 /* RecordsTableViewCell.xib in Resources */,
				80D30E6C273B96AC00B5D499 /* Main.storyboard in Resources */,
			);
			runOnlyForDeploymentPostprocessing = 0;
		};
/* End PBXResourcesBuildPhase section */

/* Begin PBXShellScriptBuildPhase section */
		7652A554AFEDB77012881566 /* [CP] Check Pods Manifest.lock */ = {
			isa = PBXShellScriptBuildPhase;
			buildActionMask = 2147483647;
			files = (
			);
			inputFileListPaths = (
			);
			inputPaths = (
				"${PODS_PODFILE_DIR_PATH}/Podfile.lock",
				"${PODS_ROOT}/Manifest.lock",
			);
			name = "[CP] Check Pods Manifest.lock";
			outputFileListPaths = (
			);
			outputPaths = (
				"$(DERIVED_FILE_DIR)/Pods-ToDoListFinal-checkManifestLockResult.txt",
			);
			runOnlyForDeploymentPostprocessing = 0;
			shellPath = /bin/sh;
			shellScript = "diff \"${PODS_PODFILE_DIR_PATH}/Podfile.lock\" \"${PODS_ROOT}/Manifest.lock\" > /dev/null\nif [ $? != 0 ] ; then\n    # print error to STDERR\n    echo \"error: The sandbox is not in sync with the Podfile.lock. Run 'pod install' or update your CocoaPods installation.\" >&2\n    exit 1\nfi\n# This output is used by Xcode 'outputs' to avoid re-running this script phase.\necho \"SUCCESS\" > \"${SCRIPT_OUTPUT_FILE_0}\"\n";
			showEnvVarsInLog = 0;
		};
		FEC4BED99BD1303F487676E5 /* [CP] Embed Pods Frameworks */ = {
			isa = PBXShellScriptBuildPhase;
			buildActionMask = 2147483647;
			files = (
			);
			inputFileListPaths = (
				"${PODS_ROOT}/Target Support Files/Pods-ToDoListFinal/Pods-ToDoListFinal-frameworks-${CONFIGURATION}-input-files.xcfilelist",
			);
			name = "[CP] Embed Pods Frameworks";
			outputFileListPaths = (
				"${PODS_ROOT}/Target Support Files/Pods-ToDoListFinal/Pods-ToDoListFinal-frameworks-${CONFIGURATION}-output-files.xcfilelist",
			);
			runOnlyForDeploymentPostprocessing = 0;
			shellPath = /bin/sh;
			shellScript = "\"${PODS_ROOT}/Target Support Files/Pods-ToDoListFinal/Pods-ToDoListFinal-frameworks.sh\"\n";
			showEnvVarsInLog = 0;
		};
/* End PBXShellScriptBuildPhase section */

/* Begin PBXSourcesBuildPhase section */
		80D30E5D273B96AC00B5D499 /* Sources */ = {
			isa = PBXSourcesBuildPhase;
			buildActionMask = 2147483647;
			files = (
				80D30E80273B972900B5D499 /* CalendarViewController.swift in Sources */,
				80D30E65273B96AC00B5D499 /* AppDelegate.swift in Sources */,
				80D30E88273B974000B5D499 /* HelperMethods.swift in Sources */,
				80D30E6F273B96AC00B5D499 /* ToDoListFinal.xcdatamodeld in Sources */,
				80D30E67273B96AC00B5D499 /* SceneDelegate.swift in Sources */,
				80D30E8C273BB3E200B5D499 /* Date+Extension.swift in Sources */,
				80D30E7E273B96E200B5D499 /* Records+CoreDataProperties.swift in Sources */,
				80D30E89273B974000B5D499 /* RecordsTableViewCell.swift in Sources */,
				80D30E7D273B96E200B5D499 /* Records+CoreDataClass.swift in Sources */,
				80D30E82273B973100B5D499 /* AddTasksViewController.swift in Sources */,
			);
			runOnlyForDeploymentPostprocessing = 0;
		};
/* End PBXSourcesBuildPhase section */

/* Begin PBXVariantGroup section */
		80D30E6A273B96AC00B5D499 /* Main.storyboard */ = {
			isa = PBXVariantGroup;
			children = (
				80D30E6B273B96AC00B5D499 /* Base */,
			);
			name = Main.storyboard;
			sourceTree = "<group>";
		};
		80D30E72273B96AD00B5D499 /* LaunchScreen.storyboard */ = {
			isa = PBXVariantGroup;
			children = (
				80D30E73273B96AD00B5D499 /* Base */,
			);
			name = LaunchScreen.storyboard;
			sourceTree = "<group>";
		};
/* End PBXVariantGroup section */

/* Begin XCBuildConfiguration section */
		80D30E76273B96AD00B5D499 /* Debug */ = {
			isa = XCBuildConfiguration;
			buildSettings = {
				ALWAYS_SEARCH_USER_PATHS = NO;
				CLANG_ANALYZER_NONNULL = YES;
				CLANG_ANALYZER_NUMBER_OBJECT_CONVERSION = YES_AGGRESSIVE;
				CLANG_CXX_LANGUAGE_STANDARD = "gnu++17";
				CLANG_CXX_LIBRARY = "libc++";
				CLANG_ENABLE_MODULES = YES;
				CLANG_ENABLE_OBJC_ARC = YES;
				CLANG_ENABLE_OBJC_WEAK = YES;
				CLANG_WARN_BLOCK_CAPTURE_AUTORELEASING = YES;
				CLANG_WARN_BOOL_CONVERSION = YES;
				CLANG_WARN_COMMA = YES;
				CLANG_WARN_CONSTANT_CONVERSION = YES;
				CLANG_WARN_DEPRECATED_OBJC_IMPLEMENTATIONS = YES;
				CLANG_WARN_DIRECT_OBJC_ISA_USAGE = YES_ERROR;
				CLANG_WARN_DOCUMENTATION_COMMENTS = YES;
				CLANG_WARN_EMPTY_BODY = YES;
				CLANG_WARN_ENUM_CONVERSION = YES;
				CLANG_WARN_INFINITE_RECURSION = YES;
				CLANG_WARN_INT_CONVERSION = YES;
				CLANG_WARN_NON_LITERAL_NULL_CONVERSION = YES;
				CLANG_WARN_OBJC_IMPLICIT_RETAIN_SELF = YES;
				CLANG_WARN_OBJC_LITERAL_CONVERSION = YES;
				CLANG_WARN_OBJC_ROOT_CLASS = YES_ERROR;
				CLANG_WARN_QUOTED_INCLUDE_IN_FRAMEWORK_HEADER = YES;
				CLANG_WARN_RANGE_LOOP_ANALYSIS = YES;
				CLANG_WARN_STRICT_PROTOTYPES = YES;
				CLANG_WARN_SUSPICIOUS_MOVE = YES;
				CLANG_WARN_UNGUARDED_AVAILABILITY = YES_AGGRESSIVE;
				CLANG_WARN_UNREACHABLE_CODE = YES;
				CLANG_WARN__DUPLICATE_METHOD_MATCH = YES;
				COPY_PHASE_STRIP = NO;
				DEBUG_INFORMATION_FORMAT = dwarf;
				ENABLE_STRICT_OBJC_MSGSEND = YES;
				ENABLE_TESTABILITY = YES;
				GCC_C_LANGUAGE_STANDARD = gnu11;
				GCC_DYNAMIC_NO_PIC = NO;
				GCC_NO_COMMON_BLOCKS = YES;
				GCC_OPTIMIZATION_LEVEL = 0;
				GCC_PREPROCESSOR_DEFINITIONS = (
					"DEBUG=1",
					"$(inherited)",
				);
				GCC_WARN_64_TO_32_BIT_CONVERSION = YES;
				GCC_WARN_ABOUT_RETURN_TYPE = YES_ERROR;
				GCC_WARN_UNDECLARED_SELECTOR = YES;
				GCC_WARN_UNINITIALIZED_AUTOS = YES_AGGRESSIVE;
				GCC_WARN_UNUSED_FUNCTION = YES;
				GCC_WARN_UNUSED_VARIABLE = YES;
				IPHONEOS_DEPLOYMENT_TARGET = 15.0;
				MTL_ENABLE_DEBUG_INFO = INCLUDE_SOURCE;
				MTL_FAST_MATH = YES;
				ONLY_ACTIVE_ARCH = YES;
				SDKROOT = iphoneos;
				SWIFT_ACTIVE_COMPILATION_CONDITIONS = DEBUG;
				SWIFT_OPTIMIZATION_LEVEL = "-Onone";
			};
			name = Debug;
		};
		80D30E77273B96AD00B5D499 /* Release */ = {
			isa = XCBuildConfiguration;
			buildSettings = {
				ALWAYS_SEARCH_USER_PATHS = NO;
				CLANG_ANALYZER_NONNULL = YES;
				CLANG_ANALYZER_NUMBER_OBJECT_CONVERSION = YES_AGGRESSIVE;
				CLANG_CXX_LANGUAGE_STANDARD = "gnu++17";
				CLANG_CXX_LIBRARY = "libc++";
				CLANG_ENABLE_MODULES = YES;
				CLANG_ENABLE_OBJC_ARC = YES;
				CLANG_ENABLE_OBJC_WEAK = YES;
				CLANG_WARN_BLOCK_CAPTURE_AUTORELEASING = YES;
				CLANG_WARN_BOOL_CONVERSION = YES;
				CLANG_WARN_COMMA = YES;
				CLANG_WARN_CONSTANT_CONVERSION = YES;
				CLANG_WARN_DEPRECATED_OBJC_IMPLEMENTATIONS = YES;
				CLANG_WARN_DIRECT_OBJC_ISA_USAGE = YES_ERROR;
				CLANG_WARN_DOCUMENTATION_COMMENTS = YES;
				CLANG_WARN_EMPTY_BODY = YES;
				CLANG_WARN_ENUM_CONVERSION = YES;
				CLANG_WARN_INFINITE_RECURSION = YES;
				CLANG_WARN_INT_CONVERSION = YES;
				CLANG_WARN_NON_LITERAL_NULL_CONVERSION = YES;
				CLANG_WARN_OBJC_IMPLICIT_RETAIN_SELF = YES;
				CLANG_WARN_OBJC_LITERAL_CONVERSION = YES;
				CLANG_WARN_OBJC_ROOT_CLASS = YES_ERROR;
				CLANG_WARN_QUOTED_INCLUDE_IN_FRAMEWORK_HEADER = YES;
				CLANG_WARN_RANGE_LOOP_ANALYSIS = YES;
				CLANG_WARN_STRICT_PROTOTYPES = YES;
				CLANG_WARN_SUSPICIOUS_MOVE = YES;
				CLANG_WARN_UNGUARDED_AVAILABILITY = YES_AGGRESSIVE;
				CLANG_WARN_UNREACHABLE_CODE = YES;
				CLANG_WARN__DUPLICATE_METHOD_MATCH = YES;
				COPY_PHASE_STRIP = NO;
				DEBUG_INFORMATION_FORMAT = "dwarf-with-dsym";
				ENABLE_NS_ASSERTIONS = NO;
				ENABLE_STRICT_OBJC_MSGSEND = YES;
				GCC_C_LANGUAGE_STANDARD = gnu11;
				GCC_NO_COMMON_BLOCKS = YES;
				GCC_WARN_64_TO_32_BIT_CONVERSION = YES;
				GCC_WARN_ABOUT_RETURN_TYPE = YES_ERROR;
				GCC_WARN_UNDECLARED_SELECTOR = YES;
				GCC_WARN_UNINITIALIZED_AUTOS = YES_AGGRESSIVE;
				GCC_WARN_UNUSED_FUNCTION = YES;
				GCC_WARN_UNUSED_VARIABLE = YES;
				IPHONEOS_DEPLOYMENT_TARGET = 15.0;
				MTL_ENABLE_DEBUG_INFO = NO;
				MTL_FAST_MATH = YES;
				SDKROOT = iphoneos;
				SWIFT_COMPILATION_MODE = wholemodule;
				SWIFT_OPTIMIZATION_LEVEL = "-O";
				VALIDATE_PRODUCT = YES;
			};
			name = Release;
		};
		80D30E79273B96AD00B5D499 /* Debug */ = {
			isa = XCBuildConfiguration;
			baseConfigurationReference = 81807D609F9337F05948E961 /* Pods-ToDoListFinal.debug.xcconfig */;
			buildSettings = {
				ASSETCATALOG_COMPILER_APPICON_NAME = AppIcon;
				ASSETCATALOG_COMPILER_GLOBAL_ACCENT_COLOR_NAME = AccentColor;
				CODE_SIGN_STYLE = Automatic;
				CURRENT_PROJECT_VERSION = 1;
				GENERATE_INFOPLIST_FILE = YES;
				INFOPLIST_FILE = ToDoListFinal/Info.plist;
				INFOPLIST_KEY_UIApplicationSupportsIndirectInputEvents = YES;
				INFOPLIST_KEY_UILaunchStoryboardName = LaunchScreen;
				INFOPLIST_KEY_UIMainStoryboardFile = Main;
				INFOPLIST_KEY_UISupportedInterfaceOrientations_iPad = "UIInterfaceOrientationPortrait UIInterfaceOrientationPortraitUpsideDown UIInterfaceOrientationLandscapeLeft UIInterfaceOrientationLandscapeRight";
				INFOPLIST_KEY_UISupportedInterfaceOrientations_iPhone = "UIInterfaceOrientationPortrait UIInterfaceOrientationLandscapeLeft UIInterfaceOrientationLandscapeRight";
				LD_RUNPATH_SEARCH_PATHS = (
					"$(inherited)",
					"@executable_path/Frameworks",
				);
				MARKETING_VERSION = 1.0;
				PRODUCT_BUNDLE_IDENTIFIER = com.unit.ToDoListFinal;
				PRODUCT_NAME = "$(TARGET_NAME)";
				SWIFT_EMIT_LOC_STRINGS = YES;
				SWIFT_VERSION = 5.0;
				TARGETED_DEVICE_FAMILY = "1,2";
			};
			name = Debug;
		};
		80D30E7A273B96AD00B5D499 /* Release */ = {
			isa = XCBuildConfiguration;
			baseConfigurationReference = 0BE7BAAB174B043647763545 /* Pods-ToDoListFinal.release.xcconfig */;
			buildSettings = {
				ASSETCATALOG_COMPILER_APPICON_NAME = AppIcon;
				ASSETCATALOG_COMPILER_GLOBAL_ACCENT_COLOR_NAME = AccentColor;
				CODE_SIGN_STYLE = Automatic;
				CURRENT_PROJECT_VERSION = 1;
				GENERATE_INFOPLIST_FILE = YES;
				INFOPLIST_FILE = ToDoListFinal/Info.plist;
				INFOPLIST_KEY_UIApplicationSupportsIndirectInputEvents = YES;
				INFOPLIST_KEY_UILaunchStoryboardName = LaunchScreen;
				INFOPLIST_KEY_UIMainStoryboardFile = Main;
				INFOPLIST_KEY_UISupportedInterfaceOrientations_iPad = "UIInterfaceOrientationPortrait UIInterfaceOrientationPortraitUpsideDown UIInterfaceOrientationLandscapeLeft UIInterfaceOrientationLandscapeRight";
				INFOPLIST_KEY_UISupportedInterfaceOrientations_iPhone = "UIInterfaceOrientationPortrait UIInterfaceOrientationLandscapeLeft UIInterfaceOrientationLandscapeRight";
				LD_RUNPATH_SEARCH_PATHS = (
					"$(inherited)",
					"@executable_path/Frameworks",
				);
				MARKETING_VERSION = 1.0;
				PRODUCT_BUNDLE_IDENTIFIER = com.unit.ToDoListFinal;
				PRODUCT_NAME = "$(TARGET_NAME)";
				SWIFT_EMIT_LOC_STRINGS = YES;
				SWIFT_VERSION = 5.0;
				TARGETED_DEVICE_FAMILY = "1,2";
			};
			name = Release;
		};
/* End XCBuildConfiguration section */

/* Begin XCConfigurationList section */
		80D30E5C273B96AC00B5D499 /* Build configuration list for PBXProject "ToDoListFinal" */ = {
			isa = XCConfigurationList;
			buildConfigurations = (
				80D30E76273B96AD00B5D499 /* Debug */,
				80D30E77273B96AD00B5D499 /* Release */,
			);
			defaultConfigurationIsVisible = 0;
			defaultConfigurationName = Release;
		};
		80D30E78273B96AD00B5D499 /* Build configuration list for PBXNativeTarget "ToDoListFinal" */ = {
			isa = XCConfigurationList;
			buildConfigurations = (
				80D30E79273B96AD00B5D499 /* Debug */,
				80D30E7A273B96AD00B5D499 /* Release */,
			);
			defaultConfigurationIsVisible = 0;
			defaultConfigurationName = Release;
		};
/* End XCConfigurationList section */

/* Begin XCVersionGroup section */
		80D30E6D273B96AC00B5D499 /* ToDoListFinal.xcdatamodeld */ = {
			isa = XCVersionGroup;
			children = (
				80D30E6E273B96AC00B5D499 /* ToDoListFinal.xcdatamodel */,
			);
			currentVersion = 80D30E6E273B96AC00B5D499 /* ToDoListFinal.xcdatamodel */;
			path = ToDoListFinal.xcdatamodeld;
			sourceTree = "<group>";
			versionGroupType = wrapper.xcdatamodel;
		};
/* End XCVersionGroup section */
	};
	rootObject = 80D30E59273B96AC00B5D499 /* Project object */;
}
